
Microsoft Visual Studio Solution File, Format Version 12.00
# Visual Studio Version 17
VisualStudioVersion = 17.7.34031.279
MinimumVisualStudioVersion = 10.0.40219.1
Project("{FAE04EC0-301F-11D3-BF4B-00C04F79EFBC}") = "CapaPresentacion", "CapaPresentacion\CapaPresentacion.csproj", "{0F8234DD-0461-4D91-B35D-908FC1DD0696}"
EndProject
Project("{FAE04EC0-301F-11D3-BF4B-00C04F79EFBC}") = "CapaEntidad", "CapaEntidad\CapaEntidad.csproj", "{8A1316B8-7610-4B1E-B46C-F19E7E2164C7}"
EndProject
Project("{FAE04EC0-301F-11D3-BF4B-00C04F79EFBC}") = "CapaDatos", "CapaDatos\CapaDatos.csproj", "{E39071BB-E738-4EC1-89DC-415BE481331A}"
EndProject
Global
	GlobalSection(SolutionConfigurationPlatforms) = preSolution
		Debug|Any CPU = Debug|Any CPU
		Release|Any CPU = Release|Any CPU
	EndGlobalSection
	GlobalSection(ProjectConfigurationPlatforms) = postSolution
		{0F8234DD-0461-4D91-B35D-908FC1DD0696}.Debug|Any CPU.ActiveCfg = Debug|Any CPU
		{0F8234DD-0461-4D91-B35D-908FC1DD0696}.Debug|Any CPU.Build.0 = Debug|Any CPU
		{0F8234DD-0461-4D91-B35D-908FC1DD0696}.Release|Any CPU.ActiveCfg = Release|Any CPU
		{0F8234DD-0461-4D91-B35D-908FC1DD0696}.Release|Any CPU.Build.0 = Release|Any CPU
		{8A1316B8-7610-4B1E-B46C-F19E7E2164C7}.Debug|Any CPU.ActiveCfg = Debug|Any CPU
		{8A1316B8-7610-4B1E-B46C-F19E7E2164C7}.Debug|Any CPU.Build.0 = Debug|Any CPU
		{8A1316B8-7610-4B1E-B46C-F19E7E2164C7}.Release|Any CPU.ActiveCfg = Release|Any CPU
		{8A1316B8-7610-4B1E-B46C-F19E7E2164C7}.Release|Any CPU.Build.0 = Release|Any CPU
		{E39071BB-E738-4EC1-89DC-415BE481331A}.Debug|Any CPU.ActiveCfg = Debug|Any CPU
		{E39071BB-E738-4EC1-89DC-415BE481331A}.Debug|Any CPU.Build.0 = Debug|Any CPU
		{E39071BB-E738-4EC1-89DC-415BE481331A}.Release|Any CPU.ActiveCfg = Release|Any CPU
		{E39071BB-E738-4EC1-89DC-415BE481331A}.Release|Any CPU.Build.0 = Release|Any CPU
	EndGlobalSection
	GlobalSection(SolutionProperties) = preSolution
		HideSolutionNode = FALSE
	EndGlobalSection
	GlobalSection(ExtensibilityGlobals) = postSolution
		SolutionGuid = {B37EBE5B-14B5-43F0-BA04-648562870769}
	EndGlobalSection
EndGlobal
